
Microsoft Visual Studio Solution File, Format Version 12.00
# Visual Studio 15
VisualStudioVersion = 15.0.26730.16
MinimumVisualStudioVersion = 10.0.40219.1
Project("{FAE04EC0-301F-11D3-BF4B-00C04F79EFBC}") = "Neurbot.Micro", "Neurbot.Micro\Neurbot.Micro.csproj", "{E5CD5984-7611-4B8D-8EF0-3BFB78751352}"
EndProject
Project("{FAE04EC0-301F-11D3-BF4B-00C04F79EFBC}") = "Neurbot.Macro", "Neurbot.Macro\Neurbot.Macro.csproj", "{AA351B2B-BFCB-42E3-BEDA-1B2296EB5F2C}"
EndProject
Project("{2150E333-8FDC-42A3-9474-1A3956D46DE8}") = "Solution Items", "Solution Items", "{B042DD91-598F-4E44-A690-F4C9C6A8A88A}"
	ProjectSection(SolutionItems) = preProject
		README.md = README.md
	EndProjectSection
EndProject
Project("{FAE04EC0-301F-11D3-BF4B-00C04F79EFBC}") = "Neurbot.Generic", "Neurbot.Generic\Neurbot.Generic.csproj", "{CB4FA916-C4E6-4546-9B55-B718CFA93D49}"
EndProject
Project("{FAE04EC0-301F-11D3-BF4B-00C04F79EFBC}") = "Neurbot.Learner", "Neurbot.Learner\Neurbot.Learner.csproj", "{8E08758D-3E0B-4479-8905-490C4D52BA55}"
EndProject
Project("{FAE04EC0-301F-11D3-BF4B-00C04F79EFBC}") = "Neurbot.Brain", "Neurbot.Brain\Neurbot.Brain.csproj", "{F23FEE62-954A-4E1F-A4F4-8BF9A1ECCBD6}"
EndProject
Global
	GlobalSection(SolutionConfigurationPlatforms) = preSolution
		Debug|Any CPU = Debug|Any CPU
		Release|Any CPU = Release|Any CPU
	EndGlobalSection
	GlobalSection(ProjectConfigurationPlatforms) = postSolution
		{E5CD5984-7611-4B8D-8EF0-3BFB78751352}.Debug|Any CPU.ActiveCfg = Debug|Any CPU
		{E5CD5984-7611-4B8D-8EF0-3BFB78751352}.Debug|Any CPU.Build.0 = Debug|Any CPU
		{E5CD5984-7611-4B8D-8EF0-3BFB78751352}.Release|Any CPU.ActiveCfg = Release|Any CPU
		{E5CD5984-7611-4B8D-8EF0-3BFB78751352}.Release|Any CPU.Build.0 = Release|Any CPU
		{AA351B2B-BFCB-42E3-BEDA-1B2296EB5F2C}.Debug|Any CPU.ActiveCfg = Debug|Any CPU
		{AA351B2B-BFCB-42E3-BEDA-1B2296EB5F2C}.Debug|Any CPU.Build.0 = Debug|Any CPU
		{AA351B2B-BFCB-42E3-BEDA-1B2296EB5F2C}.Release|Any CPU.ActiveCfg = Release|Any CPU
		{AA351B2B-BFCB-42E3-BEDA-1B2296EB5F2C}.Release|Any CPU.Build.0 = Release|Any CPU
		{CB4FA916-C4E6-4546-9B55-B718CFA93D49}.Debug|Any CPU.ActiveCfg = Debug|Any CPU
		{CB4FA916-C4E6-4546-9B55-B718CFA93D49}.Debug|Any CPU.Build.0 = Debug|Any CPU
		{CB4FA916-C4E6-4546-9B55-B718CFA93D49}.Release|Any CPU.ActiveCfg = Release|Any CPU
		{CB4FA916-C4E6-4546-9B55-B718CFA93D49}.Release|Any CPU.Build.0 = Release|Any CPU
		{8E08758D-3E0B-4479-8905-490C4D52BA55}.Debug|Any CPU.ActiveCfg = Debug|Any CPU
		{8E08758D-3E0B-4479-8905-490C4D52BA55}.Debug|Any CPU.Build.0 = Debug|Any CPU
		{8E08758D-3E0B-4479-8905-490C4D52BA55}.Release|Any CPU.ActiveCfg = Release|Any CPU
		{8E08758D-3E0B-4479-8905-490C4D52BA55}.Release|Any CPU.Build.0 = Release|Any CPU
		{F23FEE62-954A-4E1F-A4F4-8BF9A1ECCBD6}.Debug|Any CPU.ActiveCfg = Debug|Any CPU
		{F23FEE62-954A-4E1F-A4F4-8BF9A1ECCBD6}.Debug|Any CPU.Build.0 = Debug|Any CPU
		{F23FEE62-954A-4E1F-A4F4-8BF9A1ECCBD6}.Release|Any CPU.ActiveCfg = Release|Any CPU
		{F23FEE62-954A-4E1F-A4F4-8BF9A1ECCBD6}.Release|Any CPU.Build.0 = Release|Any CPU
	EndGlobalSection
	GlobalSection(SolutionProperties) = preSolution
		HideSolutionNode = FALSE
	EndGlobalSection
	GlobalSection(ExtensibilityGlobals) = postSolution
		SolutionGuid = {35E6E041-7C1B-4712-B057-C76E894B1EAB}
	EndGlobalSection
EndGlobal
